
Microsoft Visual Studio Solution File, Format Version 12.00
# Visual Studio 2013
VisualStudioVersion = 12.0.21005.1
MinimumVisualStudioVersion = 10.0.40219.1
Project("{FAE04EC0-301F-11D3-BF4B-00C04F79EFBC}") = "Orckestra.StarterSite.Mercury.Core", "Orckestra.StarterSite.Mercury.Core\Orckestra.StarterSite.Mercury.Core.csproj", "{AD6B28E4-51F9-4F01-A20A-E7F14F845CFB}"
EndProject
Global
	GlobalSection(TeamFoundationVersionControl) = preSolution
		SccNumberOfProjects = 2
		SccEnterpriseProvider = {4CA58AB2-18FA-4F8D-95D4-32DDF27D184C}
		SccTeamFoundationServer = http://core03:8080/tfs/compositecore03
		SccLocalPath0 = .
		SccProjectUniqueName1 = Orckestra.StarterSite.Mercury.Core\\Orckestra.StarterSite.Mercury.Core.csproj
		SccProjectName1 = Orckestra.StarterSite.Mercury.Core
		SccLocalPath1 = Orckestra.StarterSite.Mercury.Core
	EndGlobalSection
	GlobalSection(SolutionConfigurationPlatforms) = preSolution
		Debug|Any CPU = Debug|Any CPU
		Release|Any CPU = Release|Any CPU
	EndGlobalSection
	GlobalSection(ProjectConfigurationPlatforms) = postSolution
		{AD6B28E4-51F9-4F01-A20A-E7F14F845CFB}.Debug|Any CPU.ActiveCfg = Debug|Any CPU
		{AD6B28E4-51F9-4F01-A20A-E7F14F845CFB}.Debug|Any CPU.Build.0 = Debug|Any CPU
		{AD6B28E4-51F9-4F01-A20A-E7F14F845CFB}.Release|Any CPU.ActiveCfg = Release|Any CPU
		{AD6B28E4-51F9-4F01-A20A-E7F14F845CFB}.Release|Any CPU.Build.0 = Release|Any CPU
	EndGlobalSection
	GlobalSection(SolutionProperties) = preSolution
		HideSolutionNode = FALSE
	EndGlobalSection
EndGlobal
